// !$*UTF8*$!
{
	archiveVersion = 1;
	classes = {
	};
	objectVersion = 39;
	objects = {
		014CEA440018CDF011CA2923 = {
			buildSettings = {
				COPY_PHASE_STRIP = NO;
				GCC_DYNAMIC_NO_PIC = NO;
				GCC_ENABLE_FIX_AND_CONTINUE = YES;
				GCC_GENERATE_DEBUGGING_SYMBOLS = YES;
				GCC_OPTIMIZATION_LEVEL = 0;
				ZERO_LINK = YES;
			};
			isa = PBXBuildStyle;
			name = Development;
		};
		014CEA450018CDF011CA2923 = {
			buildSettings = {
				COPY_PHASE_STRIP = YES;
				GCC_ENABLE_FIX_AND_CONTINUE = NO;
				ZERO_LINK = NO;
			};
			isa = PBXBuildStyle;
			name = Deployment;
		};
//010
//011
//012
//013
//014
//030
//031
//032
//033
//034
		034768DFFF38A50411DB9C8B = {
			children = (
				8DC2EF5B0486A6940098B216,
			);
			isa = PBXGroup;
			name = Products;
			refType = 4;
			sourceTree = "<group>";
		};
//030
//031
//032
//033
//034
//080
//081
//082
//083
//084
		0867D690FE84028FC02AAC07 = {
			buildSettings = {
			};
			buildStyles = (
				014CEA440018CDF011CA2923,
				014CEA450018CDF011CA2923,
			);
			hasScannedForEncodings = 1;
			isa = PBXProject;
			mainGroup = 0867D691FE84028FC02AAC07;
			productRefGroup = 034768DFFF38A50411DB9C8B;
			projectDirPath = "";
			targets = (
				8DC2EF4F0486A6940098B216,
			);
		};
		0867D691FE84028FC02AAC07 = {
			children = (
				8DC2EF5A0486A6940098B216,
				DA1531C1081DA5C1007FFF4B,
				08FB77AEFE84172EC02AAC07,
				0867D69AFE84028FC02AAC07,
				034768DFFF38A50411DB9C8B,
			);
			isa = PBXGroup;
			name = XarKit;
			refType = 4;
			sourceTree = "<group>";
		};
		0867D69AFE84028FC02AAC07 = {
			children = (
				DA1531E1081DA67D007FFF4B,
				0867D69BFE84028FC02AAC07,
			);
			isa = PBXGroup;
			name = "Frameworks and Libraries";
			refType = 4;
			sourceTree = "<group>";
		};
		0867D69BFE84028FC02AAC07 = {
			isa = PBXFileReference;
			lastKnownFileType = wrapper.framework;
			name = Foundation.framework;
			path = /System/Library/Frameworks/Foundation.framework;
			refType = 0;
			sourceTree = "<absolute>";
		};
		08FB77AEFE84172EC02AAC07 = {
			children = (
				DA1531BB081DA5C1007FFF4B,
				DA1531BC081DA5C1007FFF4B,
				DA1531BD081DA5C1007FFF4B,
				DA1531BE081DA5C1007FFF4B,
				DA1531BF081DA5C1007FFF4B,
				DA1531C0081DA5C1007FFF4B,
			);
			isa = PBXGroup;
			name = Classes;
			refType = 4;
			sourceTree = "<group>";
		};
//080
//081
//082
//083
//084
//8D0
//8D1
//8D2
//8D3
//8D4
		8DC2EF4F0486A6940098B216 = {
			buildPhases = (
				8DC2EF500486A6940098B216,
				8DC2EF540486A6940098B216,
				8DC2EF560486A6940098B216,
			);
			buildRules = (
			);
			buildSettings = {
				DYLIB_COMPATIBILITY_VERSION = 1;
				DYLIB_CURRENT_VERSION = 1;
				FRAMEWORK_VERSION = A;
				GCC_GENERATE_DEBUGGING_SYMBOLS = NO;
				INFOPLIST_FILE = Info.plist;
				INSTALL_PATH = "$(HOME)/Library/Frameworks";
				LIBRARY_STYLE = DYNAMIC;
				PREBINDING = NO;
				PRODUCT_NAME = XarKit;
				WARNING_CFLAGS = "-Wall";
				WRAPPER_EXTENSION = framework;
			};
			dependencies = (
			);
			isa = PBXNativeTarget;
			name = XarKit;
			productInstallPath = "$(HOME)/Library/Frameworks";
			productName = XarKit;
			productReference = 8DC2EF5B0486A6940098B216;
			productType = "com.apple.product-type.framework";
		};
		8DC2EF500486A6940098B216 = {
			buildActionMask = 2147483647;
			files = (
				DA1531C2081DA5C1007FFF4B,
				DA1531C4081DA5C1007FFF4B,
				DA1531C6081DA5C1007FFF4B,
				DA1531C8081DA5C1007FFF4B,
			);
			isa = PBXHeadersBuildPhase;
			runOnlyForDeploymentPostprocessing = 0;
		};
		8DC2EF540486A6940098B216 = {
			buildActionMask = 2147483647;
			files = (
				DA1531C3081DA5C1007FFF4B,
				DA1531C5081DA5C1007FFF4B,
				DA1531C7081DA5C1007FFF4B,
			);
			isa = PBXSourcesBuildPhase;
			runOnlyForDeploymentPostprocessing = 0;
		};
		8DC2EF560486A6940098B216 = {
			buildActionMask = 2147483647;
			files = (
				DA1530BE081DA592007FFF4B,
				DA1531E2081DA67D007FFF4B,
			);
			isa = PBXFrameworksBuildPhase;
			runOnlyForDeploymentPostprocessing = 0;
		};
		8DC2EF5A0486A6940098B216 = {
			fileEncoding = 4;
			isa = PBXFileReference;
			lastKnownFileType = text.xml;
			path = Info.plist;
			refType = 4;
			sourceTree = "<group>";
		};
		8DC2EF5B0486A6940098B216 = {
			explicitFileType = wrapper.framework;
			includeInIndex = 0;
			isa = PBXFileReference;
			path = XarKit.framework;
			refType = 3;
			sourceTree = BUILT_PRODUCTS_DIR;
		};
//8D0
//8D1
//8D2
//8D3
//8D4
//DA0
//DA1
//DA2
//DA3
//DA4
		DA1530BE081DA592007FFF4B = {
			fileRef = 0867D69BFE84028FC02AAC07;
			isa = PBXBuildFile;
			settings = {
			};
		};
		DA1531BB081DA5C1007FFF4B = {
			fileEncoding = 30;
			isa = PBXFileReference;
			lastKnownFileType = sourcecode.c.h;
			path = XarArchive.h;
			refType = 4;
			sourceTree = "<group>";
		};
		DA1531BC081DA5C1007FFF4B = {
			fileEncoding = 30;
			isa = PBXFileReference;
			lastKnownFileType = sourcecode.c.objc;
			path = XarArchive.m;
			refType = 4;
			sourceTree = "<group>";
		};
		DA1531BD081DA5C1007FFF4B = {
			fileEncoding = 30;
			isa = PBXFileReference;
			lastKnownFileType = sourcecode.c.h;
			path = XarEnumerator.h;
			refType = 4;
			sourceTree = "<group>";
		};
		DA1531BE081DA5C1007FFF4B = {
			fileEncoding = 30;
			isa = PBXFileReference;
			lastKnownFileType = sourcecode.c.objc;
			path = XarEnumerator.m;
			refType = 4;
			sourceTree = "<group>";
		};
		DA1531BF081DA5C1007FFF4B = {
			fileEncoding = 30;
			isa = PBXFileReference;
			lastKnownFileType = sourcecode.c.h;
			path = XarFile.h;
			refType = 4;
			sourceTree = "<group>";
		};
		DA1531C0081DA5C1007FFF4B = {
			fileEncoding = 30;
			isa = PBXFileReference;
			lastKnownFileType = sourcecode.c.objc;
			path = XarFile.m;
			refType = 4;
			sourceTree = "<group>";
		};
		DA1531C1081DA5C1007FFF4B = {
			fileEncoding = 30;
			isa = PBXFileReference;
			lastKnownFileType = sourcecode.c.h;
			path = XarKit.h;
			refType = 4;
			sourceTree = "<group>";
		};
		DA1531C2081DA5C1007FFF4B = {
			fileRef = DA1531BB081DA5C1007FFF4B;
			isa = PBXBuildFile;
			settings = {
				ATTRIBUTES = (
					Public,
				);
			};
		};
		DA1531C3081DA5C1007FFF4B = {
			fileRef = DA1531BC081DA5C1007FFF4B;
			isa = PBXBuildFile;
			settings = {
			};
		};
		DA1531C4081DA5C1007FFF4B = {
			fileRef = DA1531BD081DA5C1007FFF4B;
			isa = PBXBuildFile;
			settings = {
			};
		};
		DA1531C5081DA5C1007FFF4B = {
			fileRef = DA1531BE081DA5C1007FFF4B;
			isa = PBXBuildFile;
			settings = {
			};
		};
		DA1531C6081DA5C1007FFF4B = {
			fileRef = DA1531BF081DA5C1007FFF4B;
			isa = PBXBuildFile;
			settings = {
				ATTRIBUTES = (
					Public,
				);
			};
		};
		DA1531C7081DA5C1007FFF4B = {
			fileRef = DA1531C0081DA5C1007FFF4B;
			isa = PBXBuildFile;
			settings = {
			};
		};
		DA1531C8081DA5C1007FFF4B = {
			fileRef = DA1531C1081DA5C1007FFF4B;
			isa = PBXBuildFile;
			settings = {
				ATTRIBUTES = (
					Public,
				);
			};
		};
		DA1531E1081DA67D007FFF4B = {
			isa = PBXFileReference;
			lastKnownFileType = "compiled.mach-o.dylib";
			name = libxar.0.1.dylib;
			path = /usr/local/lib/libxar.0.1.dylib;
			refType = 0;
			sourceTree = "<absolute>";
		};
		DA1531E2081DA67D007FFF4B = {
			fileRef = DA1531E1081DA67D007FFF4B;
			isa = PBXBuildFile;
			settings = {
			};
		};
	};
	rootObject = 0867D690FE84028FC02AAC07;
}
