// !$*UTF8*$!
{
	archiveVersion = 1;
	classes = {
	};
	objectVersion = 39;
	objects = {
		014CEA3E0018CDD111CA2923 = {
			explicitFileType = wrapper.cfbundle;
			isa = PBXFileReference;
			path = XarCMPlugIn.plugin;
			refType = 3;
			sourceTree = BUILT_PRODUCTS_DIR;
		};
		014CEA3F0018CDD111CA2923 = {
			buildSettings = {
				COPY_PHASE_STRIP = NO;
				GCC_DYNAMIC_NO_PIC = NO;
				GCC_ENABLE_FIX_AND_CONTINUE = YES;
				GCC_GENERATE_DEBUGGING_SYMBOLS = YES;
				GCC_OPTIMIZATION_LEVEL = 0;
				OPTIMIZATION_CFLAGS = "-O0";
				ZERO_LINK = YES;
			};
			isa = PBXBuildStyle;
			name = Development;
		};
		014CEA400018CDD111CA2923 = {
			buildSettings = {
				COPY_PHASE_STRIP = YES;
				GCC_ENABLE_FIX_AND_CONTINUE = NO;
				ZERO_LINK = NO;
			};
			isa = PBXBuildStyle;
			name = Deployment;
		};
//010
//011
//012
//013
//014
//080
//081
//082
//083
//084
		089C1669FE841209C02AAC07 = {
			buildSettings = {
			};
			buildStyles = (
				014CEA3F0018CDD111CA2923,
				014CEA400018CDD111CA2923,
			);
			hasScannedForEncodings = 0;
			isa = PBXProject;
			mainGroup = 089C166AFE841209C02AAC07;
			projectDirPath = "";
			targets = (
				089C1673FE841209C02AAC07,
			);
		};
		089C166AFE841209C02AAC07 = {
			children = (
				08FB77AFFE84173DC02AAC07,
				089C167CFE841241C02AAC07,
				089C1671FE841209C02AAC07,
				19C28FB6FE9D52B211CA2CBB,
			);
			isa = PBXGroup;
			name = XarCMPlugin;
			refType = 4;
			sourceTree = "<group>";
		};
		089C1671FE841209C02AAC07 = {
			children = (
				0AA1909FFE8422F4C02AAC07,
				60288D86009E36CE0BCA0CAD,
				60764980009F79710BCA0CAD,
			);
			isa = PBXGroup;
			name = "External Frameworks and Libraries";
			refType = 4;
			sourceTree = "<group>";
		};
		089C1673FE841209C02AAC07 = {
			buildPhases = (
				089C1674FE841209C02AAC07,
				089C1675FE841209C02AAC07,
				089C1676FE841209C02AAC07,
				089C1677FE841209C02AAC07,
				089C1679FE841209C02AAC07,
				118C5F31016D30460CCB177F,
			);
			buildSettings = {
				FRAMEWORK_SEARCH_PATHS = "";
				HEADER_SEARCH_PATHS = "";
				INSTALL_PATH = "$(HOME)/Library/Contextual Menu Items";
				LIBRARY_SEARCH_PATHS = "";
				OTHER_CFLAGS = "";
				OTHER_LDFLAGS = "-lxar";
				OTHER_REZFLAGS = "";
				PRODUCT_NAME = XarCMPlugIn;
				SECTORDER_FLAGS = "";
				WARNING_CFLAGS = "-Wmost -Wno-four-char-constants -Wno-unknown-pragmas";
				WRAPPER_EXTENSION = plugin;
			};
			dependencies = (
			);
			isa = PBXBundleTarget;
			name = XarCMPlugIn;
			productInstallPath = "$(HOME)/Library/Contextual Menu Items";
			productName = XarCMPlugin;
			productReference = 014CEA3E0018CDD111CA2923;
			productSettingsXML = "<?xml version=\"1.0\" encoding=\"UTF-8\"?>
<!DOCTYPE plist PUBLIC \"-//Apple Computer//DTD PLIST 1.0//EN\" \"http://www.apple.com/DTDs/PropertyList-1.0.dtd\">
<plist version=\"1.0\">
<dict>
	<key>CFBundleDevelopmentRegion</key>
	<string>English</string>
	<key>CFBundleExecutable</key>
	<string>XarCMPlugIn</string>
	<key>CFBundleIconFile</key>
	<string></string>
	<key>CFBundleIdentifier</key>
	<string>org.opendarwin.xar.XarCMPlugIn</string>
	<key>CFBundleInfoDictionaryVersion</key>
	<string>6.0</string>
	<key>CFBundleName</key>
	<string>XarCMPlugIn</string>
	<key>CFBundlePackageType</key>
	<string>BNDL</string>
	<key>CFBundleSignature</key>
	<string>Plug</string>
	<key>CFBundleVersion</key>
	<string>0.0.1d1</string>
	<key>CFPlugInDynamicRegisterFunction</key>
	<string></string>
	<key>CFPlugInDynamicRegistration</key>
	<string>NO</string>
	<key>CFPlugInFactories</key>
	<dict>
		<key>3487BB5A-3E66-11D5-A64E-003065B300BC</key>
		<string>XarCMPlugInFactory</string>
	</dict>
	<key>CFPlugInTypes</key>
	<dict>
		<key>2F6522E9-3E66-11D5-80A7-003065B300BC</key>
		<array>
			<string>3487BB5A-3E66-11D5-A64E-003065B300BC</string>
		</array>
	</dict>
	<key>CFPlugInUnloadFunction</key>
	<string></string>
</dict>
</plist>
";
		};
		089C1674FE841209C02AAC07 = {
			buildActionMask = 2147483647;
			files = (
			);
			isa = PBXHeadersBuildPhase;
			runOnlyForDeploymentPostprocessing = 0;
		};
		089C1675FE841209C02AAC07 = {
			buildActionMask = 2147483647;
			files = (
				089C1680FE841241C02AAC07,
			);
			isa = PBXResourcesBuildPhase;
			runOnlyForDeploymentPostprocessing = 0;
		};
		089C1676FE841209C02AAC07 = {
			buildActionMask = 2147483647;
			files = (
				11955D830211CE860CCB177F,
			);
			isa = PBXSourcesBuildPhase;
			runOnlyForDeploymentPostprocessing = 0;
		};
		089C1677FE841209C02AAC07 = {
			buildActionMask = 2147483647;
			files = (
				0AA190A0FE8422F4C02AAC07,
				60288D87009E36CE0BCA0CAD,
				60764981009F79710BCA0CAD,
			);
			isa = PBXFrameworksBuildPhase;
			runOnlyForDeploymentPostprocessing = 0;
		};
		089C1679FE841209C02AAC07 = {
			buildActionMask = 2147483647;
			files = (
			);
			isa = PBXRezBuildPhase;
			runOnlyForDeploymentPostprocessing = 0;
		};
		089C167CFE841241C02AAC07 = {
			children = (
				089C167DFE841241C02AAC07,
			);
			isa = PBXGroup;
			name = Resources;
			refType = 4;
			sourceTree = "<group>";
		};
		089C167DFE841241C02AAC07 = {
			children = (
				089C167EFE841241C02AAC07,
			);
			isa = PBXVariantGroup;
			name = InfoPlist.strings;
			refType = 4;
			sourceTree = "<group>";
		};
		089C167EFE841241C02AAC07 = {
			fileEncoding = 4;
			isa = PBXFileReference;
			lastKnownFileType = text.plist.strings;
			name = English;
			path = English.lproj/InfoPlist.strings;
			refType = 4;
			sourceTree = "<group>";
		};
		089C1680FE841241C02AAC07 = {
			fileRef = 089C167DFE841241C02AAC07;
			isa = PBXBuildFile;
			settings = {
			};
		};
		08FB77AFFE84173DC02AAC07 = {
			children = (
				11955D820211CE860CCB177F,
			);
			isa = PBXGroup;
			name = Source;
			refType = 4;
			sourceTree = "<group>";
		};
//080
//081
//082
//083
//084
//0A0
//0A1
//0A2
//0A3
//0A4
		0AA1909FFE8422F4C02AAC07 = {
			isa = PBXFileReference;
			lastKnownFileType = wrapper.framework;
			name = CoreFoundation.framework;
			path = /System/Library/Frameworks/CoreFoundation.framework;
			refType = 0;
			sourceTree = "<absolute>";
		};
		0AA190A0FE8422F4C02AAC07 = {
			fileRef = 0AA1909FFE8422F4C02AAC07;
			isa = PBXBuildFile;
			settings = {
			};
		};
//0A0
//0A1
//0A2
//0A3
//0A4
//110
//111
//112
//113
//114
		118C5F31016D30460CCB177F = {
			buildActionMask = 2147483647;
			dstPath = "$(HOME)/Library/Contextual Menu Items";
			dstSubfolderSpec = 0;
			files = (
				11D6131D01B44A790CCB177F,
			);
			isa = PBXCopyFilesBuildPhase;
			runOnlyForDeploymentPostprocessing = 0;
		};
		11955D820211CE860CCB177F = {
			isa = PBXFileReference;
			lastKnownFileType = sourcecode.c.c;
			path = XarCMPlugIn.c;
			refType = 4;
			sourceTree = "<group>";
		};
		11955D830211CE860CCB177F = {
			fileRef = 11955D820211CE860CCB177F;
			isa = PBXBuildFile;
			settings = {
			};
		};
		11D6131D01B44A790CCB177F = {
			fileRef = 014CEA3E0018CDD111CA2923;
			isa = PBXBuildFile;
			settings = {
			};
		};
//110
//111
//112
//113
//114
//190
//191
//192
//193
//194
		19C28FB6FE9D52B211CA2CBB = {
			children = (
				014CEA3E0018CDD111CA2923,
			);
			isa = PBXGroup;
			name = Products;
			refType = 4;
			sourceTree = "<group>";
		};
//190
//191
//192
//193
//194
//600
//601
//602
//603
//604
		60288D86009E36CE0BCA0CAD = {
			isa = PBXFileReference;
			lastKnownFileType = wrapper.framework;
			name = ApplicationServices.framework;
			path = /System/Library/Frameworks/ApplicationServices.framework;
			refType = 0;
			sourceTree = "<absolute>";
		};
		60288D87009E36CE0BCA0CAD = {
			fileRef = 60288D86009E36CE0BCA0CAD;
			isa = PBXBuildFile;
			settings = {
			};
		};
		60764980009F79710BCA0CAD = {
			isa = PBXFileReference;
			lastKnownFileType = wrapper.framework;
			name = Carbon.framework;
			path = /System/Library/Frameworks/Carbon.framework;
			refType = 0;
			sourceTree = "<absolute>";
		};
		60764981009F79710BCA0CAD = {
			fileRef = 60764980009F79710BCA0CAD;
			isa = PBXBuildFile;
			settings = {
			};
		};
	};
	rootObject = 089C1669FE841209C02AAC07;
}
